
Microsoft Visual Studio Solution File, Format Version 12.00
# Visual Studio Version 17
VisualStudioVersion = 17.11.35219.272
MinimumVisualStudioVersion = 10.0.40219.1
Project("{9A19103F-16F7-4668-BE54-9A1E7A4F7556}") = "ApiTest", "ApiTest\ApiTest.csproj", "{909A3682-AB46-44E0-A9E5-48BDA113046E}"
EndProject
Global
	GlobalSection(SolutionConfigurationPlatforms) = preSolution
		Debug|Any CPU = Debug|Any CPU
		Release|Any CPU = Release|Any CPU
	EndGlobalSection
	GlobalSection(ProjectConfigurationPlatforms) = postSolution
		{909A3682-AB46-44E0-A9E5-48BDA113046E}.Debug|Any CPU.ActiveCfg = Debug|Any CPU
		{909A3682-AB46-44E0-A9E5-48BDA113046E}.Debug|Any CPU.Build.0 = Debug|Any CPU
		{909A3682-AB46-44E0-A9E5-48BDA113046E}.Release|Any CPU.ActiveCfg = Release|Any CPU
		{909A3682-AB46-44E0-A9E5-48BDA113046E}.Release|Any CPU.Build.0 = Release|Any CPU
	EndGlobalSection
	GlobalSection(SolutionProperties) = preSolution
		HideSolutionNode = FALSE
	EndGlobalSection
	GlobalSection(ExtensibilityGlobals) = postSolution
		SolutionGuid = {671918B4-6403-4F7C-B30F-21F1E2F49C3B}
	EndGlobalSection
EndGlobal
